
Microsoft Visual Studio Solution File, Format Version 12.00
# Visual Studio 15
VisualStudioVersion = 15.0.27130.2036
MinimumVisualStudioVersion = 10.0.40219.1
Project("{FAE04EC0-301F-11D3-BF4B-00C04F79EFBC}") = "IkiSayininKaresi-C-Sharp", "IkiSayininKaresi-C-Sharp\IkiSayininKaresi-C-Sharp.csproj", "{0B4AB11D-EDA6-4286-9228-A4E4D0E9BE73}"
EndProject
Global
	GlobalSection(SolutionConfigurationPlatforms) = preSolution
		Debug|Any CPU = Debug|Any CPU
		Release|Any CPU = Release|Any CPU
	EndGlobalSection
	GlobalSection(ProjectConfigurationPlatforms) = postSolution
		{0B4AB11D-EDA6-4286-9228-A4E4D0E9BE73}.Debug|Any CPU.ActiveCfg = Debug|Any CPU
		{0B4AB11D-EDA6-4286-9228-A4E4D0E9BE73}.Debug|Any CPU.Build.0 = Debug|Any CPU
		{0B4AB11D-EDA6-4286-9228-A4E4D0E9BE73}.Release|Any CPU.ActiveCfg = Release|Any CPU
		{0B4AB11D-EDA6-4286-9228-A4E4D0E9BE73}.Release|Any CPU.Build.0 = Release|Any CPU
	EndGlobalSection
	GlobalSection(SolutionProperties) = preSolution
		HideSolutionNode = FALSE
	EndGlobalSection
	GlobalSection(ExtensibilityGlobals) = postSolution
		SolutionGuid = {26BEA0C5-42D0-4002-A6A3-6C887E68E543}
	EndGlobalSection
EndGlobal
